
Microsoft Visual Studio Solution File, Format Version 12.00
# Visual Studio Version 17
VisualStudioVersion = 17.14.36616.10
MinimumVisualStudioVersion = 10.0.40219.1
Project("{FAE04EC0-301F-11D3-BF4B-00C04F79EFBC}") = "rabbitmq.producer.api", "rabbitmq.producer.api\rabbitmq.producer.api.csproj", "{6ED1F26B-02D6-4BF5-9294-09D920A969BE}"
EndProject
Project("{FAE04EC0-301F-11D3-BF4B-00C04F79EFBC}") = "rabbitmq.consumer.worker", "rabbitmq.consumer.worker\rabbitmq.consumer.worker.csproj", "{44E93A09-5D99-634C-8BF2-ABE08FD819FE}"
EndProject
Project("{FAE04EC0-301F-11D3-BF4B-00C04F79EFBC}") = "rabbitmq.producer.worker", "rabbitmq.producer.worker\rabbitmq.producer.worker.csproj", "{F42D589A-60A2-726C-B70D-F5A09D084987}"
EndProject
Global
	GlobalSection(SolutionConfigurationPlatforms) = preSolution
		Debug|Any CPU = Debug|Any CPU
		Debug|x64 = Debug|x64
		Debug|x86 = Debug|x86
		Release|Any CPU = Release|Any CPU
		Release|x64 = Release|x64
		Release|x86 = Release|x86
	EndGlobalSection
	GlobalSection(ProjectConfigurationPlatforms) = postSolution
		{6ED1F26B-02D6-4BF5-9294-09D920A969BE}.Debug|Any CPU.ActiveCfg = Debug|Any CPU
		{6ED1F26B-02D6-4BF5-9294-09D920A969BE}.Debug|Any CPU.Build.0 = Debug|Any CPU
		{6ED1F26B-02D6-4BF5-9294-09D920A969BE}.Debug|x64.ActiveCfg = Debug|Any CPU
		{6ED1F26B-02D6-4BF5-9294-09D920A969BE}.Debug|x64.Build.0 = Debug|Any CPU
		{6ED1F26B-02D6-4BF5-9294-09D920A969BE}.Debug|x86.ActiveCfg = Debug|Any CPU
		{6ED1F26B-02D6-4BF5-9294-09D920A969BE}.Debug|x86.Build.0 = Debug|Any CPU
		{6ED1F26B-02D6-4BF5-9294-09D920A969BE}.Release|Any CPU.ActiveCfg = Release|Any CPU
		{6ED1F26B-02D6-4BF5-9294-09D920A969BE}.Release|Any CPU.Build.0 = Release|Any CPU
		{6ED1F26B-02D6-4BF5-9294-09D920A969BE}.Release|x64.ActiveCfg = Release|Any CPU
		{6ED1F26B-02D6-4BF5-9294-09D920A969BE}.Release|x64.Build.0 = Release|Any CPU
		{6ED1F26B-02D6-4BF5-9294-09D920A969BE}.Release|x86.ActiveCfg = Release|Any CPU
		{6ED1F26B-02D6-4BF5-9294-09D920A969BE}.Release|x86.Build.0 = Release|Any CPU
		{44E93A09-5D99-634C-8BF2-ABE08FD819FE}.Debug|Any CPU.ActiveCfg = Debug|Any CPU
		{44E93A09-5D99-634C-8BF2-ABE08FD819FE}.Debug|Any CPU.Build.0 = Debug|Any CPU
		{44E93A09-5D99-634C-8BF2-ABE08FD819FE}.Debug|x64.ActiveCfg = Debug|Any CPU
		{44E93A09-5D99-634C-8BF2-ABE08FD819FE}.Debug|x64.Build.0 = Debug|Any CPU
		{44E93A09-5D99-634C-8BF2-ABE08FD819FE}.Debug|x86.ActiveCfg = Debug|Any CPU
		{44E93A09-5D99-634C-8BF2-ABE08FD819FE}.Debug|x86.Build.0 = Debug|Any CPU
		{44E93A09-5D99-634C-8BF2-ABE08FD819FE}.Release|Any CPU.ActiveCfg = Release|Any CPU
		{44E93A09-5D99-634C-8BF2-ABE08FD819FE}.Release|Any CPU.Build.0 = Release|Any CPU
		{44E93A09-5D99-634C-8BF2-ABE08FD819FE}.Release|x64.ActiveCfg = Release|Any CPU
		{44E93A09-5D99-634C-8BF2-ABE08FD819FE}.Release|x64.Build.0 = Release|Any CPU
		{44E93A09-5D99-634C-8BF2-ABE08FD819FE}.Release|x86.ActiveCfg = Release|Any CPU
		{44E93A09-5D99-634C-8BF2-ABE08FD819FE}.Release|x86.Build.0 = Release|Any CPU
		{F42D589A-60A2-726C-B70D-F5A09D084987}.Debug|Any CPU.ActiveCfg = Debug|Any CPU
		{F42D589A-60A2-726C-B70D-F5A09D084987}.Debug|Any CPU.Build.0 = Debug|Any CPU
		{F42D589A-60A2-726C-B70D-F5A09D084987}.Debug|x64.ActiveCfg = Debug|Any CPU
		{F42D589A-60A2-726C-B70D-F5A09D084987}.Debug|x64.Build.0 = Debug|Any CPU
		{F42D589A-60A2-726C-B70D-F5A09D084987}.Debug|x86.ActiveCfg = Debug|Any CPU
		{F42D589A-60A2-726C-B70D-F5A09D084987}.Debug|x86.Build.0 = Debug|Any CPU
		{F42D589A-60A2-726C-B70D-F5A09D084987}.Release|Any CPU.ActiveCfg = Release|Any CPU
		{F42D589A-60A2-726C-B70D-F5A09D084987}.Release|Any CPU.Build.0 = Release|Any CPU
		{F42D589A-60A2-726C-B70D-F5A09D084987}.Release|x64.ActiveCfg = Release|Any CPU
		{F42D589A-60A2-726C-B70D-F5A09D084987}.Release|x64.Build.0 = Release|Any CPU
		{F42D589A-60A2-726C-B70D-F5A09D084987}.Release|x86.ActiveCfg = Release|Any CPU
		{F42D589A-60A2-726C-B70D-F5A09D084987}.Release|x86.Build.0 = Release|Any CPU
	EndGlobalSection
	GlobalSection(SolutionProperties) = preSolution
		HideSolutionNode = FALSE
	EndGlobalSection
	GlobalSection(ExtensibilityGlobals) = postSolution
		SolutionGuid = {544F5322-6D03-4DBE-B978-C0B9A06A0DA5}
	EndGlobalSection
EndGlobal
